
Microsoft Visual Studio Solution File, Format Version 12.00
# Visual Studio Version 16
VisualStudioVersion = 16.0.29509.3
MinimumVisualStudioVersion = 10.0.40219.1
Project("{9A19103F-16F7-4668-BE54-9A1E7A4F7556}") = "Warrior'sQuest", "Warrior'sQuest\Warrior'sQuest.csproj", "{C7519096-EA6D-4033-9B8A-BF13BB5957FF}"
EndProject
Project("{9A19103F-16F7-4668-BE54-9A1E7A4F7556}") = "Nikulden’sCharity", "Nikulden’sCharity\Nikulden’sCharity.csproj", "{A4692935-5D33-4B38-8415-3814BC7233EE}"
EndProject
Project("{FAE04EC0-301F-11D3-BF4B-00C04F79EFBC}") = "EmailValidator", "EmailValidator\EmailValidator.csproj", "{70C6B87C-C263-4CD7-9BFE-D9257B964708}"
EndProject
Global
	GlobalSection(SolutionConfigurationPlatforms) = preSolution
		Debug|Any CPU = Debug|Any CPU
		Release|Any CPU = Release|Any CPU
	EndGlobalSection
	GlobalSection(ProjectConfigurationPlatforms) = postSolution
		{C7519096-EA6D-4033-9B8A-BF13BB5957FF}.Debug|Any CPU.ActiveCfg = Debug|Any CPU
		{C7519096-EA6D-4033-9B8A-BF13BB5957FF}.Debug|Any CPU.Build.0 = Debug|Any CPU
		{C7519096-EA6D-4033-9B8A-BF13BB5957FF}.Release|Any CPU.ActiveCfg = Release|Any CPU
		{C7519096-EA6D-4033-9B8A-BF13BB5957FF}.Release|Any CPU.Build.0 = Release|Any CPU
		{A4692935-5D33-4B38-8415-3814BC7233EE}.Debug|Any CPU.ActiveCfg = Debug|Any CPU
		{A4692935-5D33-4B38-8415-3814BC7233EE}.Debug|Any CPU.Build.0 = Debug|Any CPU
		{A4692935-5D33-4B38-8415-3814BC7233EE}.Release|Any CPU.ActiveCfg = Release|Any CPU
		{A4692935-5D33-4B38-8415-3814BC7233EE}.Release|Any CPU.Build.0 = Release|Any CPU
		{70C6B87C-C263-4CD7-9BFE-D9257B964708}.Debug|Any CPU.ActiveCfg = Debug|Any CPU
		{70C6B87C-C263-4CD7-9BFE-D9257B964708}.Debug|Any CPU.Build.0 = Debug|Any CPU
		{70C6B87C-C263-4CD7-9BFE-D9257B964708}.Release|Any CPU.ActiveCfg = Release|Any CPU
		{70C6B87C-C263-4CD7-9BFE-D9257B964708}.Release|Any CPU.Build.0 = Release|Any CPU
	EndGlobalSection
	GlobalSection(SolutionProperties) = preSolution
		HideSolutionNode = FALSE
	EndGlobalSection
	GlobalSection(ExtensibilityGlobals) = postSolution
		SolutionGuid = {C9C56736-82A5-4EEB-8876-ED4B3936500D}
	EndGlobalSection
EndGlobal
