
Microsoft Visual Studio Solution File, Format Version 12.00
# Visual Studio Version 16
VisualStudioVersion = 16.0.29509.3
MinimumVisualStudioVersion = 10.0.40219.1
Project("{FAE04EC0-301F-11D3-BF4B-00C04F79EFBC}") = "Warrior'sQuest", "Warrior'sQuest\Warrior'sQuest.csproj", "{C7519096-EA6D-4033-9B8A-BF13BB5957FF}"
EndProject
Global
	GlobalSection(SolutionConfigurationPlatforms) = preSolution
		Debug|Any CPU = Debug|Any CPU
		Release|Any CPU = Release|Any CPU
	EndGlobalSection
	GlobalSection(ProjectConfigurationPlatforms) = postSolution
		{C7519096-EA6D-4033-9B8A-BF13BB5957FF}.Debug|Any CPU.ActiveCfg = Debug|Any CPU
		{C7519096-EA6D-4033-9B8A-BF13BB5957FF}.Debug|Any CPU.Build.0 = Debug|Any CPU
		{C7519096-EA6D-4033-9B8A-BF13BB5957FF}.Release|Any CPU.ActiveCfg = Release|Any CPU
		{C7519096-EA6D-4033-9B8A-BF13BB5957FF}.Release|Any CPU.Build.0 = Release|Any CPU
	EndGlobalSection
	GlobalSection(SolutionProperties) = preSolution
		HideSolutionNode = FALSE
	EndGlobalSection
	GlobalSection(ExtensibilityGlobals) = postSolution
		SolutionGuid = {C9C56736-82A5-4EEB-8876-ED4B3936500D}
	EndGlobalSection
EndGlobal
