
Microsoft Visual Studio Solution File, Format Version 12.00
# Visual Studio Version 16
VisualStudioVersion = 16.0.29509.3
MinimumVisualStudioVersion = 10.0.40219.1
Project("{9A19103F-16F7-4668-BE54-9A1E7A4F7556}") = "ExperienceGaining", "ExperienceGaining\ExperienceGaining.csproj", "{976BAE47-DDC7-4007-A164-A1C9BEEF129D}"
EndProject
Project("{9A19103F-16F7-4668-BE54-9A1E7A4F7556}") = "BiscuitsFactory", "BiscuitsFactory\BiscuitsFactory.csproj", "{7AB27281-6236-4B07-8839-74F0A1AE81E6}"
EndProject
Project("{9A19103F-16F7-4668-BE54-9A1E7A4F7556}") = "BlackFlag", "BlackFlag\BlackFlag.csproj", "{15104049-0E83-4756-973E-06570EBCA507}"
EndProject
Project("{9A19103F-16F7-4668-BE54-9A1E7A4F7556}") = "GiftboxCoverage", "GiftboxCoverage\GiftboxCoverage.csproj", "{EC3566E6-A87B-4111-A1C7-44042D5E80F3}"
EndProject
Project("{9A19103F-16F7-4668-BE54-9A1E7A4F7556}") = "DistanceCalculator", "DistanceCalculator\DistanceCalculator.csproj", "{DF7F5193-FCB1-4AAC-A533-C026117356A4}"
EndProject
Project("{9A19103F-16F7-4668-BE54-9A1E7A4F7556}") = "TheHuntingGames", "TheHuntingGames\TheHuntingGames.csproj", "{B7E4079A-3294-441F-8FD3-5B806DCF75D8}"
EndProject
Project("{FAE04EC0-301F-11D3-BF4B-00C04F79EFBC}") = "EasterCozonacs", "EasterCozonacs\EasterCozonacs.csproj", "{D4C927FC-E3B4-4FE2-8F30-C60731AD9E69}"
EndProject
Global
	GlobalSection(SolutionConfigurationPlatforms) = preSolution
		Debug|Any CPU = Debug|Any CPU
		Release|Any CPU = Release|Any CPU
	EndGlobalSection
	GlobalSection(ProjectConfigurationPlatforms) = postSolution
		{976BAE47-DDC7-4007-A164-A1C9BEEF129D}.Debug|Any CPU.ActiveCfg = Debug|Any CPU
		{976BAE47-DDC7-4007-A164-A1C9BEEF129D}.Debug|Any CPU.Build.0 = Debug|Any CPU
		{976BAE47-DDC7-4007-A164-A1C9BEEF129D}.Release|Any CPU.ActiveCfg = Release|Any CPU
		{976BAE47-DDC7-4007-A164-A1C9BEEF129D}.Release|Any CPU.Build.0 = Release|Any CPU
		{7AB27281-6236-4B07-8839-74F0A1AE81E6}.Debug|Any CPU.ActiveCfg = Debug|Any CPU
		{7AB27281-6236-4B07-8839-74F0A1AE81E6}.Debug|Any CPU.Build.0 = Debug|Any CPU
		{7AB27281-6236-4B07-8839-74F0A1AE81E6}.Release|Any CPU.ActiveCfg = Release|Any CPU
		{7AB27281-6236-4B07-8839-74F0A1AE81E6}.Release|Any CPU.Build.0 = Release|Any CPU
		{15104049-0E83-4756-973E-06570EBCA507}.Debug|Any CPU.ActiveCfg = Debug|Any CPU
		{15104049-0E83-4756-973E-06570EBCA507}.Debug|Any CPU.Build.0 = Debug|Any CPU
		{15104049-0E83-4756-973E-06570EBCA507}.Release|Any CPU.ActiveCfg = Release|Any CPU
		{15104049-0E83-4756-973E-06570EBCA507}.Release|Any CPU.Build.0 = Release|Any CPU
		{EC3566E6-A87B-4111-A1C7-44042D5E80F3}.Debug|Any CPU.ActiveCfg = Debug|Any CPU
		{EC3566E6-A87B-4111-A1C7-44042D5E80F3}.Debug|Any CPU.Build.0 = Debug|Any CPU
		{EC3566E6-A87B-4111-A1C7-44042D5E80F3}.Release|Any CPU.ActiveCfg = Release|Any CPU
		{EC3566E6-A87B-4111-A1C7-44042D5E80F3}.Release|Any CPU.Build.0 = Release|Any CPU
		{DF7F5193-FCB1-4AAC-A533-C026117356A4}.Debug|Any CPU.ActiveCfg = Debug|Any CPU
		{DF7F5193-FCB1-4AAC-A533-C026117356A4}.Debug|Any CPU.Build.0 = Debug|Any CPU
		{DF7F5193-FCB1-4AAC-A533-C026117356A4}.Release|Any CPU.ActiveCfg = Release|Any CPU
		{DF7F5193-FCB1-4AAC-A533-C026117356A4}.Release|Any CPU.Build.0 = Release|Any CPU
		{B7E4079A-3294-441F-8FD3-5B806DCF75D8}.Debug|Any CPU.ActiveCfg = Debug|Any CPU
		{B7E4079A-3294-441F-8FD3-5B806DCF75D8}.Debug|Any CPU.Build.0 = Debug|Any CPU
		{B7E4079A-3294-441F-8FD3-5B806DCF75D8}.Release|Any CPU.ActiveCfg = Release|Any CPU
		{B7E4079A-3294-441F-8FD3-5B806DCF75D8}.Release|Any CPU.Build.0 = Release|Any CPU
		{D4C927FC-E3B4-4FE2-8F30-C60731AD9E69}.Debug|Any CPU.ActiveCfg = Debug|Any CPU
		{D4C927FC-E3B4-4FE2-8F30-C60731AD9E69}.Debug|Any CPU.Build.0 = Debug|Any CPU
		{D4C927FC-E3B4-4FE2-8F30-C60731AD9E69}.Release|Any CPU.ActiveCfg = Release|Any CPU
		{D4C927FC-E3B4-4FE2-8F30-C60731AD9E69}.Release|Any CPU.Build.0 = Release|Any CPU
	EndGlobalSection
	GlobalSection(SolutionProperties) = preSolution
		HideSolutionNode = FALSE
	EndGlobalSection
	GlobalSection(ExtensibilityGlobals) = postSolution
		SolutionGuid = {641C2542-937D-40CB-86B0-4240C10BE4A3}
	EndGlobalSection
EndGlobal
